# This file is automatically @generated by Poetry 1.4.2 and should not be changed by hand.

[[package]]
name = "pygments"
version = "2.15.1"
description = "Pygments is a syntax highlighting package written in Python."
category = "main"
optional = false
python-versions = ">=3.7"
files = [
    {file = "Pygments-2.15.1-py3-none-any.whl", hash = "sha256:db2db3deb4b4179f399a09054b023b6a586b76499d36965813c71aa8ed7b5fd1"},
    {file = "Pygments-2.15.1.tar.gz", hash = "sha256:8ace4d3c1dd481894b2005f560ead0f9f19ee64fe983366be1a21e171d12775c"},
]

[package.extras]
plugins = ["importlib-metadata"]

[metadata]
lock-version = "2.0"
python-versions = "^3.10"
content-hash = "4bcf41e38ce062382df6575738affdf3c0ead834af9ed320b9f792267a7a97d7"
